
Microsoft Visual Studio Solution File, Format Version 11.00
# Visual Studio 2010
Project("{159641D6-6404-4A2A-AE62-294DE0FE8301}") = "Test_SSIS_Git", "Test_SSIS_Git\Test_SSIS_Git.dtproj", "{19293745-E95C-49EF-ADA3-A357885744CF}"
EndProject
Global
	GlobalSection(SolutionConfigurationPlatforms) = preSolution
		Development|Default = Development|Default
	EndGlobalSection
	GlobalSection(ProjectConfigurationPlatforms) = postSolution
		{19293745-E95C-49EF-ADA3-A357885744CF}.Development|Default.ActiveCfg = Development
		{19293745-E95C-49EF-ADA3-A357885744CF}.Development|Default.Build.0 = Development
	EndGlobalSection
	GlobalSection(SolutionProperties) = preSolution
		HideSolutionNode = FALSE
	EndGlobalSection
EndGlobal
